
Microsoft Visual Studio Solution File, Format Version 12.00
# Visual Studio 15
VisualStudioVersion = 15.0.28307.852
MinimumVisualStudioVersion = 10.0.40219.1
Project("{FAE04EC0-301F-11D3-BF4B-00C04F79EFBC}") = "Certification", "Certification\Certification.csproj", "{7C79AEAA-A3B3-45A1-961F-171E0FD5572F}"
EndProject
Global
	GlobalSection(SolutionConfigurationPlatforms) = preSolution
		Debug|Any CPU = Debug|Any CPU
		Release|Any CPU = Release|Any CPU
	EndGlobalSection
	GlobalSection(ProjectConfigurationPlatforms) = postSolution
		{7C79AEAA-A3B3-45A1-961F-171E0FD5572F}.Debug|Any CPU.ActiveCfg = Debug|Any CPU
		{7C79AEAA-A3B3-45A1-961F-171E0FD5572F}.Debug|Any CPU.Build.0 = Debug|Any CPU
		{7C79AEAA-A3B3-45A1-961F-171E0FD5572F}.Release|Any CPU.ActiveCfg = Release|Any CPU
		{7C79AEAA-A3B3-45A1-961F-171E0FD5572F}.Release|Any CPU.Build.0 = Release|Any CPU
	EndGlobalSection
	GlobalSection(SolutionProperties) = preSolution
		HideSolutionNode = FALSE
	EndGlobalSection
	GlobalSection(ExtensibilityGlobals) = postSolution
		SolutionGuid = {41EE4780-D9F4-47BC-A698-1969E7165677}
	EndGlobalSection
EndGlobal
